{
  "name": "personal-site",
  "version": "1.0.0",
  "lockfileVersion": 3,
  "requires": true,
  "packages": {
    "": {
      "name": "personal-site",
      "version": "1.0.0",
      "license": "ISC",
      "dependencies": {
        "@fontsource/ia-writer-mono": "^5.1.0",
        "normalize.css": "^8.0.1"
      }
    },
    "node_modules/@fontsource/ia-writer-mono": {
      "version": "5.1.0",
      "resolved": "https://registry.npmjs.org/@fontsource/ia-writer-mono/-/ia-writer-mono-5.1.0.tgz",
      "integrity": "sha512-eddYdr7R5+yS8GUaudjcN/qKEdlvR/6PjONnQikMc7LORLXOksb3eGPI8y1YjGNpGS7XBUCWq6QnILI5AAguxw==",
      "license": "OFL-1.1"
    },
    "node_modules/normalize.css": {
      "version": "8.0.1",
      "resolved": "https://registry.npmjs.org/normalize.css/-/normalize.css-8.0.1.tgz",
      "integrity": "sha512-qizSNPO93t1YUuUhP22btGOo3chcvDFqFaj2TRybP0DMxkHOCTYwp3n34fel4a31ORXy4m1Xq0Gyqpb5m33qIg==",
      "license": "MIT"
    }
  }
}
